
Microsoft Visual Studio Solution File, Format Version 12.00
# Visual Studio Version 17
VisualStudioVersion = 17.13.35919.96 d17.13
MinimumVisualStudioVersion = 10.0.40219.1
Project("{FAE04EC0-301F-11D3-BF4B-00C04F79EFBC}") = "2", "2.csproj", "{B94A7F8C-5E40-4EEE-9F00-B7A3973FB58E}"
EndProject
Global
	GlobalSection(SolutionConfigurationPlatforms) = preSolution
		Debug|Any CPU = Debug|Any CPU
		Release|Any CPU = Release|Any CPU
	EndGlobalSection
	GlobalSection(ProjectConfigurationPlatforms) = postSolution
		{B94A7F8C-5E40-4EEE-9F00-B7A3973FB58E}.Debug|Any CPU.ActiveCfg = Debug|Any CPU
		{B94A7F8C-5E40-4EEE-9F00-B7A3973FB58E}.Debug|Any CPU.Build.0 = Debug|Any CPU
		{B94A7F8C-5E40-4EEE-9F00-B7A3973FB58E}.Release|Any CPU.ActiveCfg = Release|Any CPU
		{B94A7F8C-5E40-4EEE-9F00-B7A3973FB58E}.Release|Any CPU.Build.0 = Release|Any CPU
	EndGlobalSection
	GlobalSection(SolutionProperties) = preSolution
		HideSolutionNode = FALSE
	EndGlobalSection
	GlobalSection(ExtensibilityGlobals) = postSolution
		SolutionGuid = {7A10D791-9ABA-436C-AE90-705F08C70282}
	EndGlobalSection
EndGlobal
