
Microsoft Visual Studio Solution File, Format Version 12.00
# Visual Studio Version 17
VisualStudioVersion = 17.14.36705.20 d17.14
MinimumVisualStudioVersion = 10.0.40219.1
Project("{FAE04EC0-301F-11D3-BF4B-00C04F79EFBC}") = "nine", "nine.csproj", "{67082124-3F5D-4642-8B2E-3CAA4BBE67FF}"
EndProject
Global
	GlobalSection(SolutionConfigurationPlatforms) = preSolution
		Debug|Any CPU = Debug|Any CPU
		Release|Any CPU = Release|Any CPU
	EndGlobalSection
	GlobalSection(ProjectConfigurationPlatforms) = postSolution
		{67082124-3F5D-4642-8B2E-3CAA4BBE67FF}.Debug|Any CPU.ActiveCfg = Debug|Any CPU
		{67082124-3F5D-4642-8B2E-3CAA4BBE67FF}.Debug|Any CPU.Build.0 = Debug|Any CPU
		{67082124-3F5D-4642-8B2E-3CAA4BBE67FF}.Release|Any CPU.ActiveCfg = Release|Any CPU
		{67082124-3F5D-4642-8B2E-3CAA4BBE67FF}.Release|Any CPU.Build.0 = Release|Any CPU
	EndGlobalSection
	GlobalSection(SolutionProperties) = preSolution
		HideSolutionNode = FALSE
	EndGlobalSection
	GlobalSection(ExtensibilityGlobals) = postSolution
		SolutionGuid = {6F554FAF-7432-4999-B07F-AC1F513FE99E}
	EndGlobalSection
EndGlobal
