
Microsoft Visual Studio Solution File, Format Version 12.00
# Visual Studio Version 17
VisualStudioVersion = 17.13.35806.99 d17.13
MinimumVisualStudioVersion = 10.0.40219.1
Project("{FAE04EC0-301F-11D3-BF4B-00C04F79EFBC}") = "6", "6.csproj", "{5386AA0E-5674-4B83-A63B-CFE16D377B08}"
EndProject
Global
	GlobalSection(SolutionConfigurationPlatforms) = preSolution
		Debug|Any CPU = Debug|Any CPU
		Release|Any CPU = Release|Any CPU
	EndGlobalSection
	GlobalSection(ProjectConfigurationPlatforms) = postSolution
		{5386AA0E-5674-4B83-A63B-CFE16D377B08}.Debug|Any CPU.ActiveCfg = Debug|Any CPU
		{5386AA0E-5674-4B83-A63B-CFE16D377B08}.Debug|Any CPU.Build.0 = Debug|Any CPU
		{5386AA0E-5674-4B83-A63B-CFE16D377B08}.Release|Any CPU.ActiveCfg = Release|Any CPU
		{5386AA0E-5674-4B83-A63B-CFE16D377B08}.Release|Any CPU.Build.0 = Release|Any CPU
	EndGlobalSection
	GlobalSection(SolutionProperties) = preSolution
		HideSolutionNode = FALSE
	EndGlobalSection
	GlobalSection(ExtensibilityGlobals) = postSolution
		SolutionGuid = {765AF8C2-8D88-4E80-85B1-B142F6A688E5}
	EndGlobalSection
EndGlobal
