
Microsoft Visual Studio Solution File, Format Version 12.00
# Visual Studio Version 17
VisualStudioVersion = 17.13.35931.197 d17.13
MinimumVisualStudioVersion = 10.0.40219.1
Project("{FAE04EC0-301F-11D3-BF4B-00C04F79EFBC}") = "3", "3.csproj", "{EECEB6EA-E422-47A1-8606-8FB3C350BFB4}"
EndProject
Global
	GlobalSection(SolutionConfigurationPlatforms) = preSolution
		Debug|Any CPU = Debug|Any CPU
		Release|Any CPU = Release|Any CPU
	EndGlobalSection
	GlobalSection(ProjectConfigurationPlatforms) = postSolution
		{EECEB6EA-E422-47A1-8606-8FB3C350BFB4}.Debug|Any CPU.ActiveCfg = Debug|Any CPU
		{EECEB6EA-E422-47A1-8606-8FB3C350BFB4}.Debug|Any CPU.Build.0 = Debug|Any CPU
		{EECEB6EA-E422-47A1-8606-8FB3C350BFB4}.Release|Any CPU.ActiveCfg = Release|Any CPU
		{EECEB6EA-E422-47A1-8606-8FB3C350BFB4}.Release|Any CPU.Build.0 = Release|Any CPU
	EndGlobalSection
	GlobalSection(SolutionProperties) = preSolution
		HideSolutionNode = FALSE
	EndGlobalSection
	GlobalSection(ExtensibilityGlobals) = postSolution
		SolutionGuid = {D23ACEDC-00A2-40CC-A28B-3A403FA42C32}
	EndGlobalSection
EndGlobal
