
Microsoft Visual Studio Solution File, Format Version 12.00
# Visual Studio Version 17
VisualStudioVersion = 17.13.35919.96 d17.13
MinimumVisualStudioVersion = 10.0.40219.1
Project("{FAE04EC0-301F-11D3-BF4B-00C04F79EFBC}") = "11", "11.csproj", "{F82FF205-7F20-487A-8574-17B68DFF7F62}"
EndProject
Global
	GlobalSection(SolutionConfigurationPlatforms) = preSolution
		Debug|Any CPU = Debug|Any CPU
		Release|Any CPU = Release|Any CPU
	EndGlobalSection
	GlobalSection(ProjectConfigurationPlatforms) = postSolution
		{F82FF205-7F20-487A-8574-17B68DFF7F62}.Debug|Any CPU.ActiveCfg = Debug|Any CPU
		{F82FF205-7F20-487A-8574-17B68DFF7F62}.Debug|Any CPU.Build.0 = Debug|Any CPU
		{F82FF205-7F20-487A-8574-17B68DFF7F62}.Release|Any CPU.ActiveCfg = Release|Any CPU
		{F82FF205-7F20-487A-8574-17B68DFF7F62}.Release|Any CPU.Build.0 = Release|Any CPU
	EndGlobalSection
	GlobalSection(SolutionProperties) = preSolution
		HideSolutionNode = FALSE
	EndGlobalSection
	GlobalSection(ExtensibilityGlobals) = postSolution
		SolutionGuid = {EB029627-4A10-4197-B65E-EAB074DA7D90}
	EndGlobalSection
EndGlobal
