
Microsoft Visual Studio Solution File, Format Version 12.00
# Visual Studio Version 17
VisualStudioVersion = 17.13.35806.99 d17.13
MinimumVisualStudioVersion = 10.0.40219.1
Project("{FAE04EC0-301F-11D3-BF4B-00C04F79EFBC}") = "3", "3.csproj", "{F1DE0D3D-C00C-49A6-A9CB-BF41D6D54FB1}"
EndProject
Global
	GlobalSection(SolutionConfigurationPlatforms) = preSolution
		Debug|Any CPU = Debug|Any CPU
		Release|Any CPU = Release|Any CPU
	EndGlobalSection
	GlobalSection(ProjectConfigurationPlatforms) = postSolution
		{F1DE0D3D-C00C-49A6-A9CB-BF41D6D54FB1}.Debug|Any CPU.ActiveCfg = Debug|Any CPU
		{F1DE0D3D-C00C-49A6-A9CB-BF41D6D54FB1}.Debug|Any CPU.Build.0 = Debug|Any CPU
		{F1DE0D3D-C00C-49A6-A9CB-BF41D6D54FB1}.Release|Any CPU.ActiveCfg = Release|Any CPU
		{F1DE0D3D-C00C-49A6-A9CB-BF41D6D54FB1}.Release|Any CPU.Build.0 = Release|Any CPU
	EndGlobalSection
	GlobalSection(SolutionProperties) = preSolution
		HideSolutionNode = FALSE
	EndGlobalSection
	GlobalSection(ExtensibilityGlobals) = postSolution
		SolutionGuid = {0F708BF4-2424-4435-B96E-A746A460BD74}
	EndGlobalSection
EndGlobal
