
Microsoft Visual Studio Solution File, Format Version 12.00
# Visual Studio Version 17
VisualStudioVersion = 17.13.35931.197 d17.13
MinimumVisualStudioVersion = 10.0.40219.1
Project("{FAE04EC0-301F-11D3-BF4B-00C04F79EFBC}") = "8", "8.csproj", "{FDB4EFB0-1F09-4FD5-A984-210D556205A8}"
EndProject
Global
	GlobalSection(SolutionConfigurationPlatforms) = preSolution
		Debug|Any CPU = Debug|Any CPU
		Release|Any CPU = Release|Any CPU
	EndGlobalSection
	GlobalSection(ProjectConfigurationPlatforms) = postSolution
		{FDB4EFB0-1F09-4FD5-A984-210D556205A8}.Debug|Any CPU.ActiveCfg = Debug|Any CPU
		{FDB4EFB0-1F09-4FD5-A984-210D556205A8}.Debug|Any CPU.Build.0 = Debug|Any CPU
		{FDB4EFB0-1F09-4FD5-A984-210D556205A8}.Release|Any CPU.ActiveCfg = Release|Any CPU
		{FDB4EFB0-1F09-4FD5-A984-210D556205A8}.Release|Any CPU.Build.0 = Release|Any CPU
	EndGlobalSection
	GlobalSection(SolutionProperties) = preSolution
		HideSolutionNode = FALSE
	EndGlobalSection
	GlobalSection(ExtensibilityGlobals) = postSolution
		SolutionGuid = {DA201A1E-3D6F-4D3D-B16E-FEE9B10FE8AE}
	EndGlobalSection
EndGlobal
