
Microsoft Visual Studio Solution File, Format Version 12.00
# Visual Studio Version 17
VisualStudioVersion = 17.13.35806.99 d17.13
MinimumVisualStudioVersion = 10.0.40219.1
Project("{FAE04EC0-301F-11D3-BF4B-00C04F79EFBC}") = "10", "10.csproj", "{1F50873A-C178-44E7-BE04-C9C42C17CE1E}"
EndProject
Global
	GlobalSection(SolutionConfigurationPlatforms) = preSolution
		Debug|Any CPU = Debug|Any CPU
		Release|Any CPU = Release|Any CPU
	EndGlobalSection
	GlobalSection(ProjectConfigurationPlatforms) = postSolution
		{1F50873A-C178-44E7-BE04-C9C42C17CE1E}.Debug|Any CPU.ActiveCfg = Debug|Any CPU
		{1F50873A-C178-44E7-BE04-C9C42C17CE1E}.Debug|Any CPU.Build.0 = Debug|Any CPU
		{1F50873A-C178-44E7-BE04-C9C42C17CE1E}.Release|Any CPU.ActiveCfg = Release|Any CPU
		{1F50873A-C178-44E7-BE04-C9C42C17CE1E}.Release|Any CPU.Build.0 = Release|Any CPU
	EndGlobalSection
	GlobalSection(SolutionProperties) = preSolution
		HideSolutionNode = FALSE
	EndGlobalSection
	GlobalSection(ExtensibilityGlobals) = postSolution
		SolutionGuid = {50DC852D-F20E-4F12-943A-B2095ED145E4}
	EndGlobalSection
EndGlobal
