
Microsoft Visual Studio Solution File, Format Version 12.00
# Visual Studio Version 17
VisualStudioVersion = 17.13.35806.99 d17.13
MinimumVisualStudioVersion = 10.0.40219.1
Project("{FAE04EC0-301F-11D3-BF4B-00C04F79EFBC}") = "4", "4.csproj", "{AC3770E4-31A2-4F63-AEFB-130F1D4BB408}"
EndProject
Global
	GlobalSection(SolutionConfigurationPlatforms) = preSolution
		Debug|Any CPU = Debug|Any CPU
		Release|Any CPU = Release|Any CPU
	EndGlobalSection
	GlobalSection(ProjectConfigurationPlatforms) = postSolution
		{AC3770E4-31A2-4F63-AEFB-130F1D4BB408}.Debug|Any CPU.ActiveCfg = Debug|Any CPU
		{AC3770E4-31A2-4F63-AEFB-130F1D4BB408}.Debug|Any CPU.Build.0 = Debug|Any CPU
		{AC3770E4-31A2-4F63-AEFB-130F1D4BB408}.Release|Any CPU.ActiveCfg = Release|Any CPU
		{AC3770E4-31A2-4F63-AEFB-130F1D4BB408}.Release|Any CPU.Build.0 = Release|Any CPU
	EndGlobalSection
	GlobalSection(SolutionProperties) = preSolution
		HideSolutionNode = FALSE
	EndGlobalSection
	GlobalSection(ExtensibilityGlobals) = postSolution
		SolutionGuid = {C7662E73-7D64-420B-8C24-F2B68BF067FE}
	EndGlobalSection
EndGlobal
