
Microsoft Visual Studio Solution File, Format Version 12.00
# Visual Studio Version 17
VisualStudioVersion = 17.13.35931.197 d17.13
MinimumVisualStudioVersion = 10.0.40219.1
Project("{FAE04EC0-301F-11D3-BF4B-00C04F79EFBC}") = "2 improved", "2 improved.csproj", "{5BEF9D76-458A-4651-80C8-CA63B5BE5FCA}"
EndProject
Global
	GlobalSection(SolutionConfigurationPlatforms) = preSolution
		Debug|Any CPU = Debug|Any CPU
		Release|Any CPU = Release|Any CPU
	EndGlobalSection
	GlobalSection(ProjectConfigurationPlatforms) = postSolution
		{5BEF9D76-458A-4651-80C8-CA63B5BE5FCA}.Debug|Any CPU.ActiveCfg = Debug|Any CPU
		{5BEF9D76-458A-4651-80C8-CA63B5BE5FCA}.Debug|Any CPU.Build.0 = Debug|Any CPU
		{5BEF9D76-458A-4651-80C8-CA63B5BE5FCA}.Release|Any CPU.ActiveCfg = Release|Any CPU
		{5BEF9D76-458A-4651-80C8-CA63B5BE5FCA}.Release|Any CPU.Build.0 = Release|Any CPU
	EndGlobalSection
	GlobalSection(SolutionProperties) = preSolution
		HideSolutionNode = FALSE
	EndGlobalSection
	GlobalSection(ExtensibilityGlobals) = postSolution
		SolutionGuid = {98AC0C29-3EC4-42F8-B19C-DCC0105F55CF}
	EndGlobalSection
EndGlobal
