
Microsoft Visual Studio Solution File, Format Version 12.00
# Visual Studio Version 17
VisualStudioVersion = 17.13.35919.96 d17.13
MinimumVisualStudioVersion = 10.0.40219.1
Project("{FAE04EC0-301F-11D3-BF4B-00C04F79EFBC}") = "4", "4.csproj", "{8B2470C4-7D6E-4018-8BF0-5A26C2D6ACEB}"
EndProject
Global
	GlobalSection(SolutionConfigurationPlatforms) = preSolution
		Debug|Any CPU = Debug|Any CPU
		Release|Any CPU = Release|Any CPU
	EndGlobalSection
	GlobalSection(ProjectConfigurationPlatforms) = postSolution
		{8B2470C4-7D6E-4018-8BF0-5A26C2D6ACEB}.Debug|Any CPU.ActiveCfg = Debug|Any CPU
		{8B2470C4-7D6E-4018-8BF0-5A26C2D6ACEB}.Debug|Any CPU.Build.0 = Debug|Any CPU
		{8B2470C4-7D6E-4018-8BF0-5A26C2D6ACEB}.Release|Any CPU.ActiveCfg = Release|Any CPU
		{8B2470C4-7D6E-4018-8BF0-5A26C2D6ACEB}.Release|Any CPU.Build.0 = Release|Any CPU
	EndGlobalSection
	GlobalSection(SolutionProperties) = preSolution
		HideSolutionNode = FALSE
	EndGlobalSection
	GlobalSection(ExtensibilityGlobals) = postSolution
		SolutionGuid = {632FD106-44F0-46B0-9537-9E506C3354B2}
	EndGlobalSection
EndGlobal
