
Microsoft Visual Studio Solution File, Format Version 12.00
# Visual Studio Version 17
VisualStudioVersion = 17.13.35825.156 d17.13
MinimumVisualStudioVersion = 10.0.40219.1
Project("{FAE04EC0-301F-11D3-BF4B-00C04F79EFBC}") = "Simu3 part 3 q2", "Simu3 part 3 q2.csproj", "{11241A5B-9736-4738-9014-6926A5FFA04B}"
EndProject
Global
	GlobalSection(SolutionConfigurationPlatforms) = preSolution
		Debug|Any CPU = Debug|Any CPU
		Release|Any CPU = Release|Any CPU
	EndGlobalSection
	GlobalSection(ProjectConfigurationPlatforms) = postSolution
		{11241A5B-9736-4738-9014-6926A5FFA04B}.Debug|Any CPU.ActiveCfg = Debug|Any CPU
		{11241A5B-9736-4738-9014-6926A5FFA04B}.Debug|Any CPU.Build.0 = Debug|Any CPU
		{11241A5B-9736-4738-9014-6926A5FFA04B}.Release|Any CPU.ActiveCfg = Release|Any CPU
		{11241A5B-9736-4738-9014-6926A5FFA04B}.Release|Any CPU.Build.0 = Release|Any CPU
	EndGlobalSection
	GlobalSection(SolutionProperties) = preSolution
		HideSolutionNode = FALSE
	EndGlobalSection
	GlobalSection(ExtensibilityGlobals) = postSolution
		SolutionGuid = {F8CA5D08-9FDE-4B93-AD05-B71586285F85}
	EndGlobalSection
EndGlobal
