
Microsoft Visual Studio Solution File, Format Version 12.00
# Visual Studio Version 17
VisualStudioVersion = 17.13.35919.96 d17.13
MinimumVisualStudioVersion = 10.0.40219.1
Project("{FAE04EC0-301F-11D3-BF4B-00C04F79EFBC}") = "9", "9.csproj", "{385C1BDD-FFDD-44F5-86D0-E44E674D8864}"
EndProject
Global
	GlobalSection(SolutionConfigurationPlatforms) = preSolution
		Debug|Any CPU = Debug|Any CPU
		Release|Any CPU = Release|Any CPU
	EndGlobalSection
	GlobalSection(ProjectConfigurationPlatforms) = postSolution
		{385C1BDD-FFDD-44F5-86D0-E44E674D8864}.Debug|Any CPU.ActiveCfg = Debug|Any CPU
		{385C1BDD-FFDD-44F5-86D0-E44E674D8864}.Debug|Any CPU.Build.0 = Debug|Any CPU
		{385C1BDD-FFDD-44F5-86D0-E44E674D8864}.Release|Any CPU.ActiveCfg = Release|Any CPU
		{385C1BDD-FFDD-44F5-86D0-E44E674D8864}.Release|Any CPU.Build.0 = Release|Any CPU
	EndGlobalSection
	GlobalSection(SolutionProperties) = preSolution
		HideSolutionNode = FALSE
	EndGlobalSection
	GlobalSection(ExtensibilityGlobals) = postSolution
		SolutionGuid = {7DE2DD88-42FD-4AA8-B2B6-23990A9690DA}
	EndGlobalSection
EndGlobal
