
Microsoft Visual Studio Solution File, Format Version 12.00
# Visual Studio Version 17
VisualStudioVersion = 17.13.35919.96 d17.13
MinimumVisualStudioVersion = 10.0.40219.1
Project("{FAE04EC0-301F-11D3-BF4B-00C04F79EFBC}") = "6", "6.csproj", "{995E6DF1-D477-466A-8078-D8F379DEF38F}"
EndProject
Global
	GlobalSection(SolutionConfigurationPlatforms) = preSolution
		Debug|Any CPU = Debug|Any CPU
		Release|Any CPU = Release|Any CPU
	EndGlobalSection
	GlobalSection(ProjectConfigurationPlatforms) = postSolution
		{995E6DF1-D477-466A-8078-D8F379DEF38F}.Debug|Any CPU.ActiveCfg = Debug|Any CPU
		{995E6DF1-D477-466A-8078-D8F379DEF38F}.Debug|Any CPU.Build.0 = Debug|Any CPU
		{995E6DF1-D477-466A-8078-D8F379DEF38F}.Release|Any CPU.ActiveCfg = Release|Any CPU
		{995E6DF1-D477-466A-8078-D8F379DEF38F}.Release|Any CPU.Build.0 = Release|Any CPU
	EndGlobalSection
	GlobalSection(SolutionProperties) = preSolution
		HideSolutionNode = FALSE
	EndGlobalSection
	GlobalSection(ExtensibilityGlobals) = postSolution
		SolutionGuid = {E135274D-AF27-4EED-864B-9E5E6FF5C4B8}
	EndGlobalSection
EndGlobal
