
Microsoft Visual Studio Solution File, Format Version 12.00
# Visual Studio Version 17
VisualStudioVersion = 17.13.35931.197 d17.13
MinimumVisualStudioVersion = 10.0.40219.1
Project("{FAE04EC0-301F-11D3-BF4B-00C04F79EFBC}") = "3", "3.csproj", "{BAC5E7D2-C7AB-4769-A7B5-5F8490DEE4AF}"
EndProject
Global
	GlobalSection(SolutionConfigurationPlatforms) = preSolution
		Debug|Any CPU = Debug|Any CPU
		Release|Any CPU = Release|Any CPU
	EndGlobalSection
	GlobalSection(ProjectConfigurationPlatforms) = postSolution
		{BAC5E7D2-C7AB-4769-A7B5-5F8490DEE4AF}.Debug|Any CPU.ActiveCfg = Debug|Any CPU
		{BAC5E7D2-C7AB-4769-A7B5-5F8490DEE4AF}.Debug|Any CPU.Build.0 = Debug|Any CPU
		{BAC5E7D2-C7AB-4769-A7B5-5F8490DEE4AF}.Release|Any CPU.ActiveCfg = Release|Any CPU
		{BAC5E7D2-C7AB-4769-A7B5-5F8490DEE4AF}.Release|Any CPU.Build.0 = Release|Any CPU
	EndGlobalSection
	GlobalSection(SolutionProperties) = preSolution
		HideSolutionNode = FALSE
	EndGlobalSection
	GlobalSection(ExtensibilityGlobals) = postSolution
		SolutionGuid = {C8074A0B-D887-4A45-B49D-2B88EDC73D50}
	EndGlobalSection
EndGlobal
