
Microsoft Visual Studio Solution File, Format Version 12.00
# Visual Studio Version 17
VisualStudioVersion = 17.14.36221.1 d17.14
MinimumVisualStudioVersion = 10.0.40219.1
Project("{FAE04EC0-301F-11D3-BF4B-00C04F79EFBC}") = "8", "8.csproj", "{66499F9F-8AB0-407B-A110-8C402DB654E1}"
EndProject
Global
	GlobalSection(SolutionConfigurationPlatforms) = preSolution
		Debug|Any CPU = Debug|Any CPU
		Release|Any CPU = Release|Any CPU
	EndGlobalSection
	GlobalSection(ProjectConfigurationPlatforms) = postSolution
		{66499F9F-8AB0-407B-A110-8C402DB654E1}.Debug|Any CPU.ActiveCfg = Debug|Any CPU
		{66499F9F-8AB0-407B-A110-8C402DB654E1}.Debug|Any CPU.Build.0 = Debug|Any CPU
		{66499F9F-8AB0-407B-A110-8C402DB654E1}.Release|Any CPU.ActiveCfg = Release|Any CPU
		{66499F9F-8AB0-407B-A110-8C402DB654E1}.Release|Any CPU.Build.0 = Release|Any CPU
	EndGlobalSection
	GlobalSection(SolutionProperties) = preSolution
		HideSolutionNode = FALSE
	EndGlobalSection
	GlobalSection(ExtensibilityGlobals) = postSolution
		SolutionGuid = {AA6BEB77-253E-466F-B24A-54CB11D9C8D0}
	EndGlobalSection
EndGlobal
